
Microsoft Visual Studio Solution File, Format Version 12.00
# Visual Studio Version 17
VisualStudioVersion = 17.9.34902.65
MinimumVisualStudioVersion = 10.0.40219.1
Project("{9A19103F-16F7-4668-BE54-9A1E7A4F7556}") = "API", "API\API.csproj", "{8193BD4C-4273-4594-81FE-F1DE89AC2758}"
EndProject
Project("{9A19103F-16F7-4668-BE54-9A1E7A4F7556}") = "BlazorApp", "BlazorApp\BlazorApp.csproj", "{3356B729-E50F-4723-B52E-8A61A50CF2E0}"
EndProject
Global
	GlobalSection(SolutionConfigurationPlatforms) = preSolution
		Debug|Any CPU = Debug|Any CPU
		Release|Any CPU = Release|Any CPU
	EndGlobalSection
	GlobalSection(ProjectConfigurationPlatforms) = postSolution
		{8193BD4C-4273-4594-81FE-F1DE89AC2758}.Debug|Any CPU.ActiveCfg = Debug|Any CPU
		{8193BD4C-4273-4594-81FE-F1DE89AC2758}.Debug|Any CPU.Build.0 = Debug|Any CPU
		{8193BD4C-4273-4594-81FE-F1DE89AC2758}.Release|Any CPU.ActiveCfg = Release|Any CPU
		{8193BD4C-4273-4594-81FE-F1DE89AC2758}.Release|Any CPU.Build.0 = Release|Any CPU
		{3356B729-E50F-4723-B52E-8A61A50CF2E0}.Debug|Any CPU.ActiveCfg = Debug|Any CPU
		{3356B729-E50F-4723-B52E-8A61A50CF2E0}.Debug|Any CPU.Build.0 = Debug|Any CPU
		{3356B729-E50F-4723-B52E-8A61A50CF2E0}.Release|Any CPU.ActiveCfg = Release|Any CPU
		{3356B729-E50F-4723-B52E-8A61A50CF2E0}.Release|Any CPU.Build.0 = Release|Any CPU
	EndGlobalSection
	GlobalSection(SolutionProperties) = preSolution
		HideSolutionNode = FALSE
	EndGlobalSection
	GlobalSection(ExtensibilityGlobals) = postSolution
		SolutionGuid = {92D8159F-B3CC-4A25-93E6-AD662A95DED5}
	EndGlobalSection
EndGlobal
